{
  "name": "zfile-uniapp",
  "lockfileVersion": 2,
  "requires": true,
  "packages": {
    "": {
      "dependencies": {
        "@dcloudio/uni-ui": "^1.4.16"
      }
    },
    "node_modules/@dcloudio/uni-ui": {
      "version": "1.4.16",
      "resolved": "https://registry.npmjs.org/@dcloudio/uni-ui/-/uni-ui-1.4.16.tgz",
      "integrity": "sha512-HChJ7vXupOGy1d0GY4k9x4Q7ng+zW3EpliJI7sbW66JOTxf7kZnZNxjg+Gs2yBkE+Wm+iAymZbQEGNSsctoGGQ=="
    }
  },
  "dependencies": {
    "@dcloudio/uni-ui": {
      "version": "1.4.16",
      "resolved": "https://registry.npmjs.org/@dcloudio/uni-ui/-/uni-ui-1.4.16.tgz",
      "integrity": "sha512-HChJ7vXupOGy1d0GY4k9x4Q7ng+zW3EpliJI7sbW66JOTxf7kZnZNxjg+Gs2yBkE+Wm+iAymZbQEGNSsctoGGQ=="
    }
  }
}
